
Microsoft Visual Studio Solution File, Format Version 12.00
# Visual Studio Version 17
VisualStudioVersion = 17.3.32901.215
MinimumVisualStudioVersion = 10.0.40219.1
Project("{FAE04EC0-301F-11D3-BF4B-00C04F79EFBC}") = "AppointmentSchedulerMVC", "AppointmentSchedulerMVC\AppointmentSchedulerMVC.csproj", "{B6E96511-1619-4214-9417-81A43FACB2ED}"
EndProject
Global
	GlobalSection(SolutionConfigurationPlatforms) = preSolution
		Debug|Any CPU = Debug|Any CPU
		Release|Any CPU = Release|Any CPU
	EndGlobalSection
	GlobalSection(ProjectConfigurationPlatforms) = postSolution
		{B6E96511-1619-4214-9417-81A43FACB2ED}.Debug|Any CPU.ActiveCfg = Debug|Any CPU
		{B6E96511-1619-4214-9417-81A43FACB2ED}.Debug|Any CPU.Build.0 = Debug|Any CPU
		{B6E96511-1619-4214-9417-81A43FACB2ED}.Release|Any CPU.ActiveCfg = Release|Any CPU
		{B6E96511-1619-4214-9417-81A43FACB2ED}.Release|Any CPU.Build.0 = Release|Any CPU
	EndGlobalSection
	GlobalSection(SolutionProperties) = preSolution
		HideSolutionNode = FALSE
	EndGlobalSection
	GlobalSection(ExtensibilityGlobals) = postSolution
		SolutionGuid = {02E1B8B9-E4C9-4E79-8C04-1D0107458F40}
	EndGlobalSection
EndGlobal
